// !$*UTF8*$!
{
	archiveVersion = 1;
	classes = {
	};
	objectVersion = 51;
	objects = {

/* Begin PBXBuildFile section */
		383E9AB81C4BBD7B6DB64A81 /* Pods_inclass_demo_inclass_demoUITests.framework in Frameworks */ = {isa = PBXBuildFile; fileRef = 8112D164E18162AC282F0E75 /* Pods_inclass_demo_inclass_demoUITests.framework */; };
		C9F05A2131EF5DD45A6C5C95 /* Pods_inclass_demoTests.framework in Frameworks */ = {isa = PBXBuildFile; fileRef = 90D1612D9E45038036474B6A /* Pods_inclass_demoTests.framework */; };
		EA4B3244269BE75200B0C8E8 /* AppDelegate.swift in Sources */ = {isa = PBXBuildFile; fileRef = EA4B3243269BE75200B0C8E8 /* AppDelegate.swift */; };
		EA4B3246269BE75200B0C8E8 /* SceneDelegate.swift in Sources */ = {isa = PBXBuildFile; fileRef = EA4B3245269BE75200B0C8E8 /* SceneDelegate.swift */; };
		EA4B3248269BE75200B0C8E8 /* ViewController.swift in Sources */ = {isa = PBXBuildFile; fileRef = EA4B3247269BE75200B0C8E8 /* ViewController.swift */; };
		EA4B324B269BE75200B0C8E8 /* Main.storyboard in Resources */ = {isa = PBXBuildFile; fileRef = EA4B3249269BE75200B0C8E8 /* Main.storyboard */; };
		EA4B324D269BE75F00B0C8E8 /* Assets.xcassets in Resources */ = {isa = PBXBuildFile; fileRef = EA4B324C269BE75F00B0C8E8 /* Assets.xcassets */; };
		EA4B3250269BE75F00B0C8E8 /* LaunchScreen.storyboard in Resources */ = {isa = PBXBuildFile; fileRef = EA4B324E269BE75F00B0C8E8 /* LaunchScreen.storyboard */; };
		EA4B325B269BE75F00B0C8E8 /* inclass_demoTests.swift in Sources */ = {isa = PBXBuildFile; fileRef = EA4B325A269BE75F00B0C8E8 /* inclass_demoTests.swift */; };
		EA4B3266269BE75F00B0C8E8 /* inclass_demoUITests.swift in Sources */ = {isa = PBXBuildFile; fileRef = EA4B3265269BE75F00B0C8E8 /* inclass_demoUITests.swift */; };
		EA9E2B5E26AE5EAF004965AD /* TableViewCell.swift in Sources */ = {isa = PBXBuildFile; fileRef = EA9E2B5D26AE5EAF004965AD /* TableViewCell.swift */; };
		F7F3FB3C6F515F3AC9C27154 /* Pods_inclass_demo.framework in Frameworks */ = {isa = PBXBuildFile; fileRef = 67A76E5E74A9DEA4D4EBD54E /* Pods_inclass_demo.framework */; };
/* End PBXBuildFile section */

/* Begin PBXContainerItemProxy section */
		EA4B3257269BE75F00B0C8E8 /* PBXContainerItemProxy */ = {
			isa = PBXContainerItemProxy;
			containerPortal = EA4B3238269BE75200B0C8E8 /* Project object */;
			proxyType = 1;
			remoteGlobalIDString = EA4B323F269BE75200B0C8E8;
			remoteInfo = inclass_demo;
		};
		EA4B3262269BE75F00B0C8E8 /* PBXContainerItemProxy */ = {
			isa = PBXContainerItemProxy;
			containerPortal = EA4B3238269BE75200B0C8E8 /* Project object */;
			proxyType = 1;
			remoteGlobalIDString = EA4B323F269BE75200B0C8E8;
			remoteInfo = inclass_demo;
		};
/* End PBXContainerItemProxy section */

/* Begin PBXFileReference section */
		00344AE310222C14FAE39CEF /* Pods-inclass_demoTests.debug.xcconfig */ = {isa = PBXFileReference; includeInIndex = 1; lastKnownFileType = text.xcconfig; name = "Pods-inclass_demoTests.debug.xcconfig"; path = "Target Support Files/Pods-inclass_demoTests/Pods-inclass_demoTests.debug.xcconfig"; sourceTree = "<group>"; };
		1A87E4FFAAAADC402875AE74 /* Pods-inclass_demoTests.release.xcconfig */ = {isa = PBXFileReference; includeInIndex = 1; lastKnownFileType = text.xcconfig; name = "Pods-inclass_demoTests.release.xcconfig"; path = "Target Support Files/Pods-inclass_demoTests/Pods-inclass_demoTests.release.xcconfig"; sourceTree = "<group>"; };
		3D744718783DEFA4027C6640 /* Pods-inclass_demo-inclass_demoUITests.debug.xcconfig */ = {isa = PBXFileReference; includeInIndex = 1; lastKnownFileType = text.xcconfig; name = "Pods-inclass_demo-inclass_demoUITests.debug.xcconfig"; path = "Target Support Files/Pods-inclass_demo-inclass_demoUITests/Pods-inclass_demo-inclass_demoUITests.debug.xcconfig"; sourceTree = "<group>"; };
		594A23F8A8FD30546F4A6F35 /* Pods-inclass_demo-inclass_demoUITests.release.xcconfig */ = {isa = PBXFileReference; includeInIndex = 1; lastKnownFileType = text.xcconfig; name = "Pods-inclass_demo-inclass_demoUITests.release.xcconfig"; path = "Target Support Files/Pods-inclass_demo-inclass_demoUITests/Pods-inclass_demo-inclass_demoUITests.release.xcconfig"; sourceTree = "<group>"; };
		67A76E5E74A9DEA4D4EBD54E /* Pods_inclass_demo.framework */ = {isa = PBXFileReference; explicitFileType = wrapper.framework; includeInIndex = 0; path = Pods_inclass_demo.framework; sourceTree = BUILT_PRODUCTS_DIR; };
		802FF30DDA9CD60AFF62652A /* Pods-inclass_demo.release.xcconfig */ = {isa = PBXFileReference; includeInIndex = 1; lastKnownFileType = text.xcconfig; name = "Pods-inclass_demo.release.xcconfig"; path = "Target Support Files/Pods-inclass_demo/Pods-inclass_demo.release.xcconfig"; sourceTree = "<group>"; };
		8112D164E18162AC282F0E75 /* Pods_inclass_demo_inclass_demoUITests.framework */ = {isa = PBXFileReference; explicitFileType = wrapper.framework; includeInIndex = 0; path = Pods_inclass_demo_inclass_demoUITests.framework; sourceTree = BUILT_PRODUCTS_DIR; };
		90D1612D9E45038036474B6A /* Pods_inclass_demoTests.framework */ = {isa = PBXFileReference; explicitFileType = wrapper.framework; includeInIndex = 0; path = Pods_inclass_demoTests.framework; sourceTree = BUILT_PRODUCTS_DIR; };
		C427C1FB2F921758FCA48179 /* Pods-inclass_demo.debug.xcconfig */ = {isa = PBXFileReference; includeInIndex = 1; lastKnownFileType = text.xcconfig; name = "Pods-inclass_demo.debug.xcconfig"; path = "Target Support Files/Pods-inclass_demo/Pods-inclass_demo.debug.xcconfig"; sourceTree = "<group>"; };
		EA4B3240269BE75200B0C8E8 /* inclass_demo.app */ = {isa = PBXFileReference; explicitFileType = wrapper.application; includeInIndex = 0; path = inclass_demo.app; sourceTree = BUILT_PRODUCTS_DIR; };
		EA4B3243269BE75200B0C8E8 /* AppDelegate.swift */ = {isa = PBXFileReference; lastKnownFileType = sourcecode.swift; path = AppDelegate.swift; sourceTree = "<group>"; };
		EA4B3245269BE75200B0C8E8 /* SceneDelegate.swift */ = {isa = PBXFileReference; lastKnownFileType = sourcecode.swift; path = SceneDelegate.swift; sourceTree = "<group>"; };
		EA4B3247269BE75200B0C8E8 /* ViewController.swift */ = {isa = PBXFileReference; lastKnownFileType = sourcecode.swift; path = ViewController.swift; sourceTree = "<group>"; };
		EA4B324A269BE75200B0C8E8 /* Base */ = {isa = PBXFileReference; lastKnownFileType = file.storyboard; name = Base; path = Base.lproj/Main.storyboard; sourceTree = "<group>"; };
		EA4B324C269BE75F00B0C8E8 /* Assets.xcassets */ = {isa = PBXFileReference; lastKnownFileType = folder.assetcatalog; path = Assets.xcassets; sourceTree = "<group>"; };
		EA4B324F269BE75F00B0C8E8 /* Base */ = {isa = PBXFileReference; lastKnownFileType = file.storyboard; name = Base; path = Base.lproj/LaunchScreen.storyboard; sourceTree = "<group>"; };
		EA4B3251269BE75F00B0C8E8 /* Info.plist */ = {isa = PBXFileReference; lastKnownFileType = text.plist.xml; path = Info.plist; sourceTree = "<group>"; };
		EA4B3256269BE75F00B0C8E8 /* inclass_demoTests.xctest */ = {isa = PBXFileReference; explicitFileType = wrapper.cfbundle; includeInIndex = 0; path = inclass_demoTests.xctest; sourceTree = BUILT_PRODUCTS_DIR; };
		EA4B325A269BE75F00B0C8E8 /* inclass_demoTests.swift */ = {isa = PBXFileReference; lastKnownFileType = sourcecode.swift; path = inclass_demoTests.swift; sourceTree = "<group>"; };
		EA4B325C269BE75F00B0C8E8 /* Info.plist */ = {isa = PBXFileReference; lastKnownFileType = text.plist.xml; path = Info.plist; sourceTree = "<group>"; };
		EA4B3261269BE75F00B0C8E8 /* inclass_demoUITests.xctest */ = {isa = PBXFileReference; explicitFileType = wrapper.cfbundle; includeInIndex = 0; path = inclass_demoUITests.xctest; sourceTree = BUILT_PRODUCTS_DIR; };
		EA4B3265269BE75F00B0C8E8 /* inclass_demoUITests.swift */ = {isa = PBXFileReference; lastKnownFileType = sourcecode.swift; path = inclass_demoUITests.swift; sourceTree = "<group>"; };
		EA4B3267269BE75F00B0C8E8 /* Info.plist */ = {isa = PBXFileReference; lastKnownFileType = text.plist.xml; path = Info.plist; sourceTree = "<group>"; };
		EA9E2B5D26AE5EAF004965AD /* TableViewCell.swift */ = {isa = PBXFileReference; lastKnownFileType = sourcecode.swift; path = TableViewCell.swift; sourceTree = "<group>"; };
/* End PBXFileReference section */

/* Begin PBXFrameworksBuildPhase section */
		EA4B323D269BE75200B0C8E8 /* Frameworks */ = {
			isa = PBXFrameworksBuildPhase;
			buildActionMask = 2147483647;
			files = (
				F7F3FB3C6F515F3AC9C27154 /* Pods_inclass_demo.framework in Frameworks */,
			);
			runOnlyForDeploymentPostprocessing = 0;
		};
		EA4B3253269BE75F00B0C8E8 /* Frameworks */ = {
			isa = PBXFrameworksBuildPhase;
			buildActionMask = 2147483647;
			files = (
				C9F05A2131EF5DD45A6C5C95 /* Pods_inclass_demoTests.framework in Frameworks */,
			);
			runOnlyForDeploymentPostprocessing = 0;
		};
		EA4B325E269BE75F00B0C8E8 /* Frameworks */ = {
			isa = PBXFrameworksBuildPhase;
			buildActionMask = 2147483647;
			files = (
				383E9AB81C4BBD7B6DB64A81 /* Pods_inclass_demo_inclass_demoUITests.framework in Frameworks */,
			);
			runOnlyForDeploymentPostprocessing = 0;
		};
/* End PBXFrameworksBuildPhase section */

/* Begin PBXGroup section */
		8004FE1961EF2055E5B2E2E6 /* Frameworks */ = {
			isa = PBXGroup;
			children = (
				67A76E5E74A9DEA4D4EBD54E /* Pods_inclass_demo.framework */,
				8112D164E18162AC282F0E75 /* Pods_inclass_demo_inclass_demoUITests.framework */,
				90D1612D9E45038036474B6A /* Pods_inclass_demoTests.framework */,
			);
			name = Frameworks;
			sourceTree = "<group>";
		};
		A2349168B62DB85945461EC0 /* Pods */ = {
			isa = PBXGroup;
			children = (
				C427C1FB2F921758FCA48179 /* Pods-inclass_demo.debug.xcconfig */,
				802FF30DDA9CD60AFF62652A /* Pods-inclass_demo.release.xcconfig */,
				3D744718783DEFA4027C6640 /* Pods-inclass_demo-inclass_demoUITests.debug.xcconfig */,
				594A23F8A8FD30546F4A6F35 /* Pods-inclass_demo-inclass_demoUITests.release.xcconfig */,
				00344AE310222C14FAE39CEF /* Pods-inclass_demoTests.debug.xcconfig */,
				1A87E4FFAAAADC402875AE74 /* Pods-inclass_demoTests.release.xcconfig */,
			);
			path = Pods;
			sourceTree = "<group>";
		};
		EA4B3237269BE75200B0C8E8 = {
			isa = PBXGroup;
			children = (
				EA4B3242269BE75200B0C8E8 /* inclass_demo */,
				EA4B3259269BE75F00B0C8E8 /* inclass_demoTests */,
				EA4B3264269BE75F00B0C8E8 /* inclass_demoUITests */,
				EA4B3241269BE75200B0C8E8 /* Products */,
				A2349168B62DB85945461EC0 /* Pods */,
				8004FE1961EF2055E5B2E2E6 /* Frameworks */,
			);
			sourceTree = "<group>";
		};
		EA4B3241269BE75200B0C8E8 /* Products */ = {
			isa = PBXGroup;
			children = (
				EA4B3240269BE75200B0C8E8 /* inclass_demo.app */,
				EA4B3256269BE75F00B0C8E8 /* inclass_demoTests.xctest */,
				EA4B3261269BE75F00B0C8E8 /* inclass_demoUITests.xctest */,
			);
			name = Products;
			sourceTree = "<group>";
		};
		EA4B3242269BE75200B0C8E8 /* inclass_demo */ = {
			isa = PBXGroup;
			children = (
				EA4B3243269BE75200B0C8E8 /* AppDelegate.swift */,
				EA4B3245269BE75200B0C8E8 /* SceneDelegate.swift */,
				EA4B3247269BE75200B0C8E8 /* ViewController.swift */,
				EA9E2B5D26AE5EAF004965AD /* TableViewCell.swift */,
				EA4B3249269BE75200B0C8E8 /* Main.storyboard */,
				EA4B324C269BE75F00B0C8E8 /* Assets.xcassets */,
				EA4B324E269BE75F00B0C8E8 /* LaunchScreen.storyboard */,
				EA4B3251269BE75F00B0C8E8 /* Info.plist */,
			);
			path = inclass_demo;
			sourceTree = "<group>";
		};
		EA4B3259269BE75F00B0C8E8 /* inclass_demoTests */ = {
			isa = PBXGroup;
			children = (
				EA4B325A269BE75F00B0C8E8 /* inclass_demoTests.swift */,
				EA4B325C269BE75F00B0C8E8 /* Info.plist */,
			);
			path = inclass_demoTests;
			sourceTree = "<group>";
		};
		EA4B3264269BE75F00B0C8E8 /* inclass_demoUITests */ = {
			isa = PBXGroup;
			children = (
				EA4B3265269BE75F00B0C8E8 /* inclass_demoUITests.swift */,
				EA4B3267269BE75F00B0C8E8 /* Info.plist */,
			);
			path = inclass_demoUITests;
			sourceTree = "<group>";
		};
/* End PBXGroup section */

/* Begin PBXNativeTarget section */
		EA4B323F269BE75200B0C8E8 /* inclass_demo */ = {
			isa = PBXNativeTarget;
			buildConfigurationList = EA4B326A269BE75F00B0C8E8 /* Build configuration list for PBXNativeTarget "inclass_demo" */;
			buildPhases = (
				525A79EFA02DB217A33565EB /* [CP] Check Pods Manifest.lock */,
				EA4B323C269BE75200B0C8E8 /* Sources */,
				EA4B323D269BE75200B0C8E8 /* Frameworks */,
				EA4B323E269BE75200B0C8E8 /* Resources */,
				F285AD29A6C0D25651F36559 /* [CP] Embed Pods Frameworks */,
			);
			buildRules = (
			);
			dependencies = (
			);
			name = inclass_demo;
			productName = inclass_demo;
			productReference = EA4B3240269BE75200B0C8E8 /* inclass_demo.app */;
			productType = "com.apple.product-type.application";
		};
		EA4B3255269BE75F00B0C8E8 /* inclass_demoTests */ = {
			isa = PBXNativeTarget;
			buildConfigurationList = EA4B326D269BE75F00B0C8E8 /* Build configuration list for PBXNativeTarget "inclass_demoTests" */;
			buildPhases = (
				0A9B353EC3C8E24DBE294876 /* [CP] Check Pods Manifest.lock */,
				EA4B3252269BE75F00B0C8E8 /* Sources */,
				EA4B3253269BE75F00B0C8E8 /* Frameworks */,
				EA4B3254269BE75F00B0C8E8 /* Resources */,
			);
			buildRules = (
			);
			dependencies = (
				EA4B3258269BE75F00B0C8E8 /* PBXTargetDependency */,
			);
			name = inclass_demoTests;
			productName = inclass_demoTests;
			productReference = EA4B3256269BE75F00B0C8E8 /* inclass_demoTests.xctest */;
			productType = "com.apple.product-type.bundle.unit-test";
		};
		EA4B3260269BE75F00B0C8E8 /* inclass_demoUITests */ = {
			isa = PBXNativeTarget;
			buildConfigurationList = EA4B3270269BE75F00B0C8E8 /* Build configuration list for PBXNativeTarget "inclass_demoUITests" */;
			buildPhases = (
				D08A3E826A3B3451E2100A88 /* [CP] Check Pods Manifest.lock */,
				EA4B325D269BE75F00B0C8E8 /* Sources */,
				EA4B325E269BE75F00B0C8E8 /* Frameworks */,
				EA4B325F269BE75F00B0C8E8 /* Resources */,
				B3D0D90A1F053C51734C511F /* [CP] Embed Pods Frameworks */,
			);
			buildRules = (
			);
			dependencies = (
				EA4B3263269BE75F00B0C8E8 /* PBXTargetDependency */,
			);
			name = inclass_demoUITests;
			productName = inclass_demoUITests;
			productReference = EA4B3261269BE75F00B0C8E8 /* inclass_demoUITests.xctest */;
			productType = "com.apple.product-type.bundle.ui-testing";
		};
/* End PBXNativeTarget section */

/* Begin PBXProject section */
		EA4B3238269BE75200B0C8E8 /* Project object */ = {
			isa = PBXProject;
			attributes = {
				LastSwiftUpdateCheck = 1240;
				LastUpgradeCheck = 1240;
				TargetAttributes = {
					EA4B323F269BE75200B0C8E8 = {
						CreatedOnToolsVersion = 12.4;
					};
					EA4B3255269BE75F00B0C8E8 = {
						CreatedOnToolsVersion = 12.4;
						TestTargetID = EA4B323F269BE75200B0C8E8;
					};
					EA4B3260269BE75F00B0C8E8 = {
						CreatedOnToolsVersion = 12.4;
						TestTargetID = EA4B323F269BE75200B0C8E8;
					};
				};
			};
			buildConfigurationList = EA4B323B269BE75200B0C8E8 /* Build configuration list for PBXProject "inclass_demo" */;
			compatibilityVersion = "Xcode 9.3";
			developmentRegion = en;
			hasScannedForEncodings = 0;
			knownRegions = (
				en,
				Base,
			);
			mainGroup = EA4B3237269BE75200B0C8E8;
			productRefGroup = EA4B3241269BE75200B0C8E8 /* Products */;
			projectDirPath = "";
			projectRoot = "";
			targets = (
				EA4B323F269BE75200B0C8E8 /* inclass_demo */,
				EA4B3255269BE75F00B0C8E8 /* inclass_demoTests */,
				EA4B3260269BE75F00B0C8E8 /* inclass_demoUITests */,
			);
		};
/* End PBXProject section */

/* Begin PBXResourcesBuildPhase section */
		EA4B323E269BE75200B0C8E8 /* Resources */ = {
			isa = PBXResourcesBuildPhase;
			buildActionMask = 2147483647;
			files = (
				EA4B3250269BE75F00B0C8E8 /* LaunchScreen.storyboard in Resources */,
				EA4B324D269BE75F00B0C8E8 /* Assets.xcassets in Resources */,
				EA4B324B269BE75200B0C8E8 /* Main.storyboard in Resources */,
			);
			runOnlyForDeploymentPostprocessing = 0;
		};
		EA4B3254269BE75F00B0C8E8 /* Resources */ = {
			isa = PBXResourcesBuildPhase;
			buildActionMask = 2147483647;
			files = (
			);
			runOnlyForDeploymentPostprocessing = 0;
		};
		EA4B325F269BE75F00B0C8E8 /* Resources */ = {
			isa = PBXResourcesBuildPhase;
			buildActionMask = 2147483647;
			files = (
			);
			runOnlyForDeploymentPostprocessing = 0;
		};
/* End PBXResourcesBuildPhase section */

/* Begin PBXShellScriptBuildPhase section */
		0A9B353EC3C8E24DBE294876 /* [CP] Check Pods Manifest.lock */ = {
			isa = PBXShellScriptBuildPhase;
			buildActionMask = 2147483647;
			files = (
			);
			inputFileListPaths = (
			);
			inputPaths = (
				"${PODS_PODFILE_DIR_PATH}/Podfile.lock",
				"${PODS_ROOT}/Manifest.lock",
			);
			name = "[CP] Check Pods Manifest.lock";
			outputFileListPaths = (
			);
			outputPaths = (
				"$(DERIVED_FILE_DIR)/Pods-inclass_demoTests-checkManifestLockResult.txt",
			);
			runOnlyForDeploymentPostprocessing = 0;
			shellPath = /bin/sh;
			shellScript = "diff \"${PODS_PODFILE_DIR_PATH}/Podfile.lock\" \"${PODS_ROOT}/Manifest.lock\" > /dev/null\nif [ $? != 0 ] ; then\n    # print error to STDERR\n    echo \"error: The sandbox is not in sync with the Podfile.lock. Run 'pod install' or update your CocoaPods installation.\" >&2\n    exit 1\nfi\n# This output is used by Xcode 'outputs' to avoid re-running this script phase.\necho \"SUCCESS\" > \"${SCRIPT_OUTPUT_FILE_0}\"\n";
			showEnvVarsInLog = 0;
		};
		525A79EFA02DB217A33565EB /* [CP] Check Pods Manifest.lock */ = {
			isa = PBXShellScriptBuildPhase;
			buildActionMask = 2147483647;
			files = (
			);
			inputFileListPaths = (
			);
			inputPaths = (
				"${PODS_PODFILE_DIR_PATH}/Podfile.lock",
				"${PODS_ROOT}/Manifest.lock",
			);
			name = "[CP] Check Pods Manifest.lock";
			outputFileListPaths = (
			);
			outputPaths = (
				"$(DERIVED_FILE_DIR)/Pods-inclass_demo-checkManifestLockResult.txt",
			);
			runOnlyForDeploymentPostprocessing = 0;
			shellPath = /bin/sh;
			shellScript = "diff \"${PODS_PODFILE_DIR_PATH}/Podfile.lock\" \"${PODS_ROOT}/Manifest.lock\" > /dev/null\nif [ $? != 0 ] ; then\n    # print error to STDERR\n    echo \"error: The sandbox is not in sync with the Podfile.lock. Run 'pod install' or update your CocoaPods installation.\" >&2\n    exit 1\nfi\n# This output is used by Xcode 'outputs' to avoid re-running this script phase.\necho \"SUCCESS\" > \"${SCRIPT_OUTPUT_FILE_0}\"\n";
			showEnvVarsInLog = 0;
		};
		B3D0D90A1F053C51734C511F /* [CP] Embed Pods Frameworks */ = {
			isa = PBXShellScriptBuildPhase;
			buildActionMask = 2147483647;
			files = (
			);
			inputFileListPaths = (
				"${PODS_ROOT}/Target Support Files/Pods-inclass_demo-inclass_demoUITests/Pods-inclass_demo-inclass_demoUITests-frameworks-${CONFIGURATION}-input-files.xcfilelist",
			);
			name = "[CP] Embed Pods Frameworks";
			outputFileListPaths = (
				"${PODS_ROOT}/Target Support Files/Pods-inclass_demo-inclass_demoUITests/Pods-inclass_demo-inclass_demoUITests-frameworks-${CONFIGURATION}-output-files.xcfilelist",
			);
			runOnlyForDeploymentPostprocessing = 0;
			shellPath = /bin/sh;
			shellScript = "\"${PODS_ROOT}/Target Support Files/Pods-inclass_demo-inclass_demoUITests/Pods-inclass_demo-inclass_demoUITests-frameworks.sh\"\n";
			showEnvVarsInLog = 0;
		};
		D08A3E826A3B3451E2100A88 /* [CP] Check Pods Manifest.lock */ = {
			isa = PBXShellScriptBuildPhase;
			buildActionMask = 2147483647;
			files = (
			);
			inputFileListPaths = (
			);
			inputPaths = (
				"${PODS_PODFILE_DIR_PATH}/Podfile.lock",
				"${PODS_ROOT}/Manifest.lock",
			);
			name = "[CP] Check Pods Manifest.lock";
			outputFileListPaths = (
			);
			outputPaths = (
				"$(DERIVED_FILE_DIR)/Pods-inclass_demo-inclass_demoUITests-checkManifestLockResult.txt",
			);
			runOnlyForDeploymentPostprocessing = 0;
			shellPath = /bin/sh;
			shellScript = "diff \"${PODS_PODFILE_DIR_PATH}/Podfile.lock\" \"${PODS_ROOT}/Manifest.lock\" > /dev/null\nif [ $? != 0 ] ; then\n    # print error to STDERR\n    echo \"error: The sandbox is not in sync with the Podfile.lock. Run 'pod install' or update your CocoaPods installation.\" >&2\n    exit 1\nfi\n# This output is used by Xcode 'outputs' to avoid re-running this script phase.\necho \"SUCCESS\" > \"${SCRIPT_OUTPUT_FILE_0}\"\n";
			showEnvVarsInLog = 0;
		};
		F285AD29A6C0D25651F36559 /* [CP] Embed Pods Frameworks */ = {
			isa = PBXShellScriptBuildPhase;
			buildActionMask = 2147483647;
			files = (
			);
			inputFileListPaths = (
				"${PODS_ROOT}/Target Support Files/Pods-inclass_demo/Pods-inclass_demo-frameworks-${CONFIGURATION}-input-files.xcfilelist",
			);
			name = "[CP] Embed Pods Frameworks";
			outputFileListPaths = (
				"${PODS_ROOT}/Target Support Files/Pods-inclass_demo/Pods-inclass_demo-frameworks-${CONFIGURATION}-output-files.xcfilelist",
			);
			runOnlyForDeploymentPostprocessing = 0;
			shellPath = /bin/sh;
			shellScript = "\"${PODS_ROOT}/Target Support Files/Pods-inclass_demo/Pods-inclass_demo-frameworks.sh\"\n";
			showEnvVarsInLog = 0;
		};
/* End PBXShellScriptBuildPhase section */

/* Begin PBXSourcesBuildPhase section */
		EA4B323C269BE75200B0C8E8 /* Sources */ = {
			isa = PBXSourcesBuildPhase;
			buildActionMask = 2147483647;
			files = (
				EA4B3248269BE75200B0C8E8 /* ViewController.swift in Sources */,
				EA9E2B5E26AE5EAF004965AD /* TableViewCell.swift in Sources */,
				EA4B3244269BE75200B0C8E8 /* AppDelegate.swift in Sources */,
				EA4B3246269BE75200B0C8E8 /* SceneDelegate.swift in Sources */,
			);
			runOnlyForDeploymentPostprocessing = 0;
		};
		EA4B3252269BE75F00B0C8E8 /* Sources */ = {
			isa = PBXSourcesBuildPhase;
			buildActionMask = 2147483647;
			files = (
				EA4B325B269BE75F00B0C8E8 /* inclass_demoTests.swift in Sources */,
			);
			runOnlyForDeploymentPostprocessing = 0;
		};
		EA4B325D269BE75F00B0C8E8 /* Sources */ = {
			isa = PBXSourcesBuildPhase;
			buildActionMask = 2147483647;
			files = (
				EA4B3266269BE75F00B0C8E8 /* inclass_demoUITests.swift in Sources */,
			);
			runOnlyForDeploymentPostprocessing = 0;
		};
/* End PBXSourcesBuildPhase section */

/* Begin PBXTargetDependency section */
		EA4B3258269BE75F00B0C8E8 /* PBXTargetDependency */ = {
			isa = PBXTargetDependency;
			target = EA4B323F269BE75200B0C8E8 /* inclass_demo */;
			targetProxy = EA4B3257269BE75F00B0C8E8 /* PBXContainerItemProxy */;
		};
		EA4B3263269BE75F00B0C8E8 /* PBXTargetDependency */ = {
			isa = PBXTargetDependency;
			target = EA4B323F269BE75200B0C8E8 /* inclass_demo */;
			targetProxy = EA4B3262269BE75F00B0C8E8 /* PBXContainerItemProxy */;
		};
/* End PBXTargetDependency section */

/* Begin PBXVariantGroup section */
		EA4B3249269BE75200B0C8E8 /* Main.storyboard */ = {
			isa = PBXVariantGroup;
			children = (
				EA4B324A269BE75200B0C8E8 /* Base */,
			);
			name = Main.storyboard;
			sourceTree = "<group>";
		};
		EA4B324E269BE75F00B0C8E8 /* LaunchScreen.storyboard */ = {
			isa = PBXVariantGroup;
			children = (
				EA4B324F269BE75F00B0C8E8 /* Base */,
			);
			name = LaunchScreen.storyboard;
			sourceTree = "<group>";
		};
/* End PBXVariantGroup section */

/* Begin XCBuildConfiguration section */
		EA4B3268269BE75F00B0C8E8 /* Debug */ = {
			isa = XCBuildConfiguration;
			buildSettings = {
				ALWAYS_SEARCH_USER_PATHS = NO;
				CLANG_ANALYZER_NONNULL = YES;
				CLANG_ANALYZER_NUMBER_OBJECT_CONVERSION = YES_AGGRESSIVE;
				CLANG_CXX_LANGUAGE_STANDARD = "gnu++14";
				CLANG_CXX_LIBRARY = "libc++";
				CLANG_ENABLE_MODULES = YES;
				CLANG_ENABLE_OBJC_ARC = YES;
				CLANG_ENABLE_OBJC_WEAK = YES;
				CLANG_WARN_BLOCK_CAPTURE_AUTORELEASING = YES;
				CLANG_WARN_BOOL_CONVERSION = YES;
				CLANG_WARN_COMMA = YES;
				CLANG_WARN_CONSTANT_CONVERSION = YES;
				CLANG_WARN_DEPRECATED_OBJC_IMPLEMENTATIONS = YES;
				CLANG_WARN_DIRECT_OBJC_ISA_USAGE = YES_ERROR;
				CLANG_WARN_DOCUMENTATION_COMMENTS = YES;
				CLANG_WARN_EMPTY_BODY = YES;
				CLANG_WARN_ENUM_CONVERSION = YES;
				CLANG_WARN_INFINITE_RECURSION = YES;
				CLANG_WARN_INT_CONVERSION = YES;
				CLANG_WARN_NON_LITERAL_NULL_CONVERSION = YES;
				CLANG_WARN_OBJC_IMPLICIT_RETAIN_SELF = YES;
				CLANG_WARN_OBJC_LITERAL_CONVERSION = YES;
				CLANG_WARN_OBJC_ROOT_CLASS = YES_ERROR;
				CLANG_WARN_QUOTED_INCLUDE_IN_FRAMEWORK_HEADER = YES;
				CLANG_WARN_RANGE_LOOP_ANALYSIS = YES;
				CLANG_WARN_STRICT_PROTOTYPES = YES;
				CLANG_WARN_SUSPICIOUS_MOVE = YES;
				CLANG_WARN_UNGUARDED_AVAILABILITY = YES_AGGRESSIVE;
				CLANG_WARN_UNREACHABLE_CODE = YES;
				CLANG_WARN__DUPLICATE_METHOD_MATCH = YES;
				COPY_PHASE_STRIP = NO;
				DEBUG_INFORMATION_FORMAT = dwarf;
				ENABLE_STRICT_OBJC_MSGSEND = YES;
				ENABLE_TESTABILITY = YES;
				GCC_C_LANGUAGE_STANDARD = gnu11;
				GCC_DYNAMIC_NO_PIC = NO;
				GCC_NO_COMMON_BLOCKS = YES;
				GCC_OPTIMIZATION_LEVEL = 0;
				GCC_PREPROCESSOR_DEFINITIONS = (
					"DEBUG=1",
					"$(inherited)",
				);
				GCC_WARN_64_TO_32_BIT_CONVERSION = YES;
				GCC_WARN_ABOUT_RETURN_TYPE = YES_ERROR;
				GCC_WARN_UNDECLARED_SELECTOR = YES;
				GCC_WARN_UNINITIALIZED_AUTOS = YES_AGGRESSIVE;
				GCC_WARN_UNUSED_FUNCTION = YES;
				GCC_WARN_UNUSED_VARIABLE = YES;
				IPHONEOS_DEPLOYMENT_TARGET = 14.4;
				MTL_ENABLE_DEBUG_INFO = INCLUDE_SOURCE;
				MTL_FAST_MATH = YES;
				ONLY_ACTIVE_ARCH = YES;
				SDKROOT = iphoneos;
				SWIFT_ACTIVE_COMPILATION_CONDITIONS = DEBUG;
				SWIFT_OPTIMIZATION_LEVEL = "-Onone";
			};
			name = Debug;
		};
		EA4B3269269BE75F00B0C8E8 /* Release */ = {
			isa = XCBuildConfiguration;
			buildSettings = {
				ALWAYS_SEARCH_USER_PATHS = NO;
				CLANG_ANALYZER_NONNULL = YES;
				CLANG_ANALYZER_NUMBER_OBJECT_CONVERSION = YES_AGGRESSIVE;
				CLANG_CXX_LANGUAGE_STANDARD = "gnu++14";
				CLANG_CXX_LIBRARY = "libc++";
				CLANG_ENABLE_MODULES = YES;
				CLANG_ENABLE_OBJC_ARC = YES;
				CLANG_ENABLE_OBJC_WEAK = YES;
				CLANG_WARN_BLOCK_CAPTURE_AUTORELEASING = YES;
				CLANG_WARN_BOOL_CONVERSION = YES;
				CLANG_WARN_COMMA = YES;
				CLANG_WARN_CONSTANT_CONVERSION = YES;
				CLANG_WARN_DEPRECATED_OBJC_IMPLEMENTATIONS = YES;
				CLANG_WARN_DIRECT_OBJC_ISA_USAGE = YES_ERROR;
				CLANG_WARN_DOCUMENTATION_COMMENTS = YES;
				CLANG_WARN_EMPTY_BODY = YES;
				CLANG_WARN_ENUM_CONVERSION = YES;
				CLANG_WARN_INFINITE_RECURSION = YES;
				CLANG_WARN_INT_CONVERSION = YES;
				CLANG_WARN_NON_LITERAL_NULL_CONVERSION = YES;
				CLANG_WARN_OBJC_IMPLICIT_RETAIN_SELF = YES;
				CLANG_WARN_OBJC_LITERAL_CONVERSION = YES;
				CLANG_WARN_OBJC_ROOT_CLASS = YES_ERROR;
				CLANG_WARN_QUOTED_INCLUDE_IN_FRAMEWORK_HEADER = YES;
				CLANG_WARN_RANGE_LOOP_ANALYSIS = YES;
				CLANG_WARN_STRICT_PROTOTYPES = YES;
				CLANG_WARN_SUSPICIOUS_MOVE = YES;
				CLANG_WARN_UNGUARDED_AVAILABILITY = YES_AGGRESSIVE;
				CLANG_WARN_UNREACHABLE_CODE = YES;
				CLANG_WARN__DUPLICATE_METHOD_MATCH = YES;
				COPY_PHASE_STRIP = NO;
				DEBUG_INFORMATION_FORMAT = "dwarf-with-dsym";
				ENABLE_NS_ASSERTIONS = NO;
				ENABLE_STRICT_OBJC_MSGSEND = YES;
				GCC_C_LANGUAGE_STANDARD = gnu11;
				GCC_NO_COMMON_BLOCKS = YES;
				GCC_WARN_64_TO_32_BIT_CONVERSION = YES;
				GCC_WARN_ABOUT_RETURN_TYPE = YES_ERROR;
				GCC_WARN_UNDECLARED_SELECTOR = YES;
				GCC_WARN_UNINITIALIZED_AUTOS = YES_AGGRESSIVE;
				GCC_WARN_UNUSED_FUNCTION = YES;
				GCC_WARN_UNUSED_VARIABLE = YES;
				IPHONEOS_DEPLOYMENT_TARGET = 14.4;
				MTL_ENABLE_DEBUG_INFO = NO;
				MTL_FAST_MATH = YES;
				SDKROOT = iphoneos;
				SWIFT_COMPILATION_MODE = wholemodule;
				SWIFT_OPTIMIZATION_LEVEL = "-O";
				VALIDATE_PRODUCT = YES;
			};
			name = Release;
		};
		EA4B326B269BE75F00B0C8E8 /* Debug */ = {
			isa = XCBuildConfiguration;
			baseConfigurationReference = C427C1FB2F921758FCA48179 /* Pods-inclass_demo.debug.xcconfig */;
			buildSettings = {
				ASSETCATALOG_COMPILER_APPICON_NAME = AppIcon;
				ASSETCATALOG_COMPILER_GLOBAL_ACCENT_COLOR_NAME = AccentColor;
				CODE_SIGN_STYLE = Automatic;
				DEVELOPMENT_TEAM = HEBYTEU955;
				INFOPLIST_FILE = inclass_demo/Info.plist;
				LD_RUNPATH_SEARCH_PATHS = (
					"$(inherited)",
					"@executable_path/Frameworks",
				);
				PRODUCT_BUNDLE_IDENTIFIER = "brown.inclass-demo";
				PRODUCT_NAME = "$(TARGET_NAME)";
				SWIFT_VERSION = 5.0;
				TARGETED_DEVICE_FAMILY = "1,2";
			};
			name = Debug;
		};
		EA4B326C269BE75F00B0C8E8 /* Release */ = {
			isa = XCBuildConfiguration;
			baseConfigurationReference = 802FF30DDA9CD60AFF62652A /* Pods-inclass_demo.release.xcconfig */;
			buildSettings = {
				ASSETCATALOG_COMPILER_APPICON_NAME = AppIcon;
				ASSETCATALOG_COMPILER_GLOBAL_ACCENT_COLOR_NAME = AccentColor;
				CODE_SIGN_STYLE = Automatic;
				DEVELOPMENT_TEAM = HEBYTEU955;
				INFOPLIST_FILE = inclass_demo/Info.plist;
				LD_RUNPATH_SEARCH_PATHS = (
					"$(inherited)",
					"@executable_path/Frameworks",
				);
				PRODUCT_BUNDLE_IDENTIFIER = "brown.inclass-demo";
				PRODUCT_NAME = "$(TARGET_NAME)";
				SWIFT_VERSION = 5.0;
				TARGETED_DEVICE_FAMILY = "1,2";
			};
			name = Release;
		};
		EA4B326E269BE75F00B0C8E8 /* Debug */ = {
			isa = XCBuildConfiguration;
			baseConfigurationReference = 00344AE310222C14FAE39CEF /* Pods-inclass_demoTests.debug.xcconfig */;
			buildSettings = {
				ALWAYS_EMBED_SWIFT_STANDARD_LIBRARIES = YES;
				BUNDLE_LOADER = "$(TEST_HOST)";
				CODE_SIGN_STYLE = Automatic;
				DEVELOPMENT_TEAM = HEBYTEU955;
				INFOPLIST_FILE = inclass_demoTests/Info.plist;
				IPHONEOS_DEPLOYMENT_TARGET = 14.4;
				LD_RUNPATH_SEARCH_PATHS = (
					"$(inherited)",
					"@executable_path/Frameworks",
					"@loader_path/Frameworks",
				);
				PRODUCT_BUNDLE_IDENTIFIER = "brown.inclass-demoTests";
				PRODUCT_NAME = "$(TARGET_NAME)";
				SWIFT_VERSION = 5.0;
				TARGETED_DEVICE_FAMILY = "1,2";
				TEST_HOST = "$(BUILT_PRODUCTS_DIR)/inclass_demo.app/inclass_demo";
			};
			name = Debug;
		};
		EA4B326F269BE75F00B0C8E8 /* Release */ = {
			isa = XCBuildConfiguration;
			baseConfigurationReference = 1A87E4FFAAAADC402875AE74 /* Pods-inclass_demoTests.release.xcconfig */;
			buildSettings = {
				ALWAYS_EMBED_SWIFT_STANDARD_LIBRARIES = YES;
				BUNDLE_LOADER = "$(TEST_HOST)";
				CODE_SIGN_STYLE = Automatic;
				DEVELOPMENT_TEAM = HEBYTEU955;
				INFOPLIST_FILE = inclass_demoTests/Info.plist;
				IPHONEOS_DEPLOYMENT_TARGET = 14.4;
				LD_RUNPATH_SEARCH_PATHS = (
					"$(inherited)",
					"@executable_path/Frameworks",
					"@loader_path/Frameworks",
				);
				PRODUCT_BUNDLE_IDENTIFIER = "brown.inclass-demoTests";
				PRODUCT_NAME = "$(TARGET_NAME)";
				SWIFT_VERSION = 5.0;
				TARGETED_DEVICE_FAMILY = "1,2";
				TEST_HOST = "$(BUILT_PRODUCTS_DIR)/inclass_demo.app/inclass_demo";
			};
			name = Release;
		};
		EA4B3271269BE75F00B0C8E8 /* Debug */ = {
			isa = XCBuildConfiguration;
			baseConfigurationReference = 3D744718783DEFA4027C6640 /* Pods-inclass_demo-inclass_demoUITests.debug.xcconfig */;
			buildSettings = {
				ALWAYS_EMBED_SWIFT_STANDARD_LIBRARIES = YES;
				CODE_SIGN_STYLE = Automatic;
				DEVELOPMENT_TEAM = HEBYTEU955;
				INFOPLIST_FILE = inclass_demoUITests/Info.plist;
				LD_RUNPATH_SEARCH_PATHS = (
					"$(inherited)",
					"@executable_path/Frameworks",
					"@loader_path/Frameworks",
				);
				PRODUCT_BUNDLE_IDENTIFIER = "brown.inclass-demoUITests";
				PRODUCT_NAME = "$(TARGET_NAME)";
				SWIFT_VERSION = 5.0;
				TARGETED_DEVICE_FAMILY = "1,2";
				TEST_TARGET_NAME = inclass_demo;
			};
			name = Debug;
		};
		EA4B3272269BE75F00B0C8E8 /* Release */ = {
			isa = XCBuildConfiguration;
			baseConfigurationReference = 594A23F8A8FD30546F4A6F35 /* Pods-inclass_demo-inclass_demoUITests.release.xcconfig */;
			buildSettings = {
				ALWAYS_EMBED_SWIFT_STANDARD_LIBRARIES = YES;
				CODE_SIGN_STYLE = Automatic;
				DEVELOPMENT_TEAM = HEBYTEU955;
				INFOPLIST_FILE = inclass_demoUITests/Info.plist;
				LD_RUNPATH_SEARCH_PATHS = (
					"$(inherited)",
					"@executable_path/Frameworks",
					"@loader_path/Frameworks",
				);
				PRODUCT_BUNDLE_IDENTIFIER = "brown.inclass-demoUITests";
				PRODUCT_NAME = "$(TARGET_NAME)";
				SWIFT_VERSION = 5.0;
				TARGETED_DEVICE_FAMILY = "1,2";
				TEST_TARGET_NAME = inclass_demo;
			};
			name = Release;
		};
/* End XCBuildConfiguration section */

/* Begin XCConfigurationList section */
		EA4B323B269BE75200B0C8E8 /* Build configuration list for PBXProject "inclass_demo" */ = {
			isa = XCConfigurationList;
			buildConfigurations = (
				EA4B3268269BE75F00B0C8E8 /* Debug */,
				EA4B3269269BE75F00B0C8E8 /* Release */,
			);
			defaultConfigurationIsVisible = 0;
			defaultConfigurationName = Release;
		};
		EA4B326A269BE75F00B0C8E8 /* Build configuration list for PBXNativeTarget "inclass_demo" */ = {
			isa = XCConfigurationList;
			buildConfigurations = (
				EA4B326B269BE75F00B0C8E8 /* Debug */,
				EA4B326C269BE75F00B0C8E8 /* Release */,
			);
			defaultConfigurationIsVisible = 0;
			defaultConfigurationName = Release;
		};
		EA4B326D269BE75F00B0C8E8 /* Build configuration list for PBXNativeTarget "inclass_demoTests" */ = {
			isa = XCConfigurationList;
			buildConfigurations = (
				EA4B326E269BE75F00B0C8E8 /* Debug */,
				EA4B326F269BE75F00B0C8E8 /* Release */,
			);
			defaultConfigurationIsVisible = 0;
			defaultConfigurationName = Release;
		};
		EA4B3270269BE75F00B0C8E8 /* Build configuration list for PBXNativeTarget "inclass_demoUITests" */ = {
			isa = XCConfigurationList;
			buildConfigurations = (
				EA4B3271269BE75F00B0C8E8 /* Debug */,
				EA4B3272269BE75F00B0C8E8 /* Release */,
			);
			defaultConfigurationIsVisible = 0;
			defaultConfigurationName = Release;
		};
/* End XCConfigurationList section */
	};
	rootObject = EA4B3238269BE75200B0C8E8 /* Project object */;
}
